{
  "nodes": {
    "dotfiles": {
      "inputs": {
        "nixphile": "nixphile",
        "nixpkgs": "nixpkgs_2",
        "nixpkgs_unstable": "nixpkgs_unstable",
        "wallpapers": []
      },
      "locked": {
        "lastModified": 1682485135,
        "narHash": "sha256-UHv1GI3bZggESsw8+55IxHrMnqSOX5c+oWCY27wdNag=",
        "owner": "abstrnoah",
        "repo": "dotfiles",
        "rev": "ecd8de5c692066ac9018f9cd4b18295b14e027d8",
        "type": "github"
      },
      "original": {
        "owner": "abstrnoah",
        "repo": "dotfiles",
        "rev": "ecd8de5c692066ac9018f9cd4b18295b14e027d8",
        "type": "github"
      }
    },
    "nixphile": {
      "inputs": {
        "nixpkgs": "nixpkgs"
      },
      "locked": {
        "lastModified": 1681964874,
        "narHash": "sha256-DPKhrLRi3tN5L9/KS6Diy8W2pKVfEIRuTj1WvmpaY+o=",
        "owner": "abstrnoah",
        "repo": "nixphile",
        "rev": "ed49a1f29f223364c7da902abe5cb7c4f4cc6510",
        "type": "github"
      },
      "original": {
        "owner": "abstrnoah",
        "repo": "nixphile",
        "type": "github"
      }
    },
    "nixpkgs": {
      "locked": {
        "lastModified": 1681759395,
        "narHash": "sha256-7aaRtLxLAy8qFVIA26ulB+Q5nDVzuQ71qi0s0wMjAws=",
        "owner": "NixOS",
        "repo": "nixpkgs",
        "rev": "cd749f58ba83f7155b7062dd49d08e5e47e44d50",
        "type": "github"
      },
      "original": {
        "owner": "NixOS",
        "ref": "nixos-22.11",
        "repo": "nixpkgs",
        "type": "github"
      }
    },
    "nixpkgs_2": {
      "locked": {
        "lastModified": 1681932375,
        "narHash": "sha256-tSXbYmpnKSSWpzOrs27ie8X3I0yqKA6AuCzCYNtwbCU=",
        "owner": "NixOS",
        "repo": "nixpkgs",
        "rev": "3d302c67ab8647327dba84fbdb443cdbf0e82744",
        "type": "github"
      },
      "original": {
        "owner": "NixOS",
        "ref": "nixos-22.11",
        "repo": "nixpkgs",
        "type": "github"
      }
    },
    "nixpkgs_unstable": {
      "locked": {
        "lastModified": 1681956304,
        "narHash": "sha256-unQAkIwasSPc51R+CHF+r+58WM4bU/lEnXPSpi6yAxg=",
        "owner": "NixOS",
        "repo": "nixpkgs",
        "rev": "5b7bbca14c3627153bd305bec9a71f98b56c140c",
        "type": "github"
      },
      "original": {
        "owner": "NixOS",
        "ref": "nixpkgs-unstable",
        "repo": "nixpkgs",
        "type": "github"
      }
    },
    "root": {
      "inputs": {
        "dotfiles": "dotfiles"
      }
    }
  },
  "root": "root",
  "version": 7
}
